{
  "version": 4,
  "terraform_version": "1.15.6",
  "serial": 25,
  "lineage": "fb69ad07-ff7b-e5bc-3d48-b6affe787679",
  "outputs": {
    "dynamodb_table_name": {
      "value": "terraform-locks",
      "type": "string"
    },
    "ecr_repository_url": {
      "value": "835665967244.dkr.ecr.us-west-2.amazonaws.com/lesson-5-ecr",
      "type": "string"
    },
    "private_subnet_ids": {
      "value": [
        "subnet-0c94010019437a4c6",
        "subnet-08d99c5fb3f03e53c",
        "subnet-00d5f009c3cf40013"
      ],
      "type": [
        "tuple",
        [
          "string",
          "string",
          "string"
        ]
      ]
    },
    "public_subnet_ids": {
      "value": [
        "subnet-07fe53a1a2a68d093",
        "subnet-0bf1d2538a193e2a7",
        "subnet-035f7d529890c1e05"
      ],
      "type": [
        "tuple",
        [
          "string",
          "string",
          "string"
        ]
      ]
    },
    "s3_backend_bucket": {
      "value": "terraform-state-bucket-lesson5-qvnkd",
      "type": "string"
    },
    "vpc_id": {
      "value": "vpc-06181b44f010bb503",
      "type": "string"
    }
  },
  "resources": [
    {
      "module": "module.ecr",
      "mode": "managed",
      "type": "aws_ecr_lifecycle_policy",
      "name": "policy",
      "provider": "provider[\"registry.terraform.io/hashicorp/aws\"]",
      "instances": [
        {
          "schema_version": 0,
          "attributes": {
            "id": "lesson-5-ecr",
            "policy": "{\"rules\":[{\"action\":{\"type\":\"expire\"},\"description\":\"Keep last 10 images\",\"rulePriority\":1,\"selection\":{\"countNumber\":10,\"countType\":\"imageCountMoreThan\",\"tagStatus\":\"any\"}}]}",
            "region": "us-west-2",
            "registry_id": "835665967244",
            "repository": "lesson-5-ecr"
          },
          "sensitive_attributes": [],
          "identity_schema_version": 0,
          "identity": {
            "account_id": "835665967244",
            "region": "us-west-2",
            "repository": "lesson-5-ecr"
          },
          "private": "bnVsbA==",
          "dependencies": [
            "module.ecr.aws_ecr_repository.repo"
          ]
        }
      ]
    },
    {
      "module": "module.ecr",
      "mode": "managed",
      "type": "aws_ecr_repository",
      "name": "repo",
      "provider": "provider[\"registry.terraform.io/hashicorp/aws\"]",
      "instances": [
        {
          "schema_version": 0,
          "attributes": {
            "arn": "arn:aws:ecr:us-west-2:835665967244:repository/lesson-5-ecr",
            "encryption_configuration": [
              {
                "encryption_type": "AES256",
                "kms_key": ""
              }
            ],
            "force_delete": null,
            "id": "lesson-5-ecr",
            "image_scanning_configuration": [
              {
                "scan_on_push": true
              }
            ],
            "image_tag_mutability": "MUTABLE",
            "image_tag_mutability_exclusion_filter": [],
            "name": "lesson-5-ecr",
            "region": "us-west-2",
            "registry_id": "835665967244",
            "repository_url": "835665967244.dkr.ecr.us-west-2.amazonaws.com/lesson-5-ecr",
            "tags": {
              "Name": "lesson-5-ecr"
            },
            "tags_all": {
              "Name": "lesson-5-ecr"
            },
            "timeouts": null
          },
          "sensitive_attributes": [],
          "identity_schema_version": 0,
          "identity": {
            "account_id": "835665967244",
            "name": "lesson-5-ecr",
            "region": "us-west-2"
          },
          "private": "eyJlMmJmYjczMC1lY2FhLTExZTYtOGY4OC0zNDM2M2JjN2M0YzAiOnsiZGVsZXRlIjoxMjAwMDAwMDAwMDAwfX0="
        }
      ]
    },
    {
      "module": "module.s3_backend",
      "mode": "managed",
      "type": "aws_dynamodb_table",
      "name": "locks",
      "provider": "provider[\"registry.terraform.io/hashicorp/aws\"]",
      "instances": [
        {
          "schema_version": 1,
          "attributes": {
            "arn": "arn:aws:dynamodb:us-west-2:835665967244:table/terraform-locks",
            "attribute": [
              {
                "name": "LockID",
                "type": "S"
              }
            ],
            "billing_mode": "PAY_PER_REQUEST",
            "deletion_protection_enabled": false,
            "global_secondary_index": [],
            "global_table_witness": [],
            "hash_key": "LockID",
            "id": "terraform-locks",
            "import_table": [],
            "local_secondary_index": [],
            "name": "terraform-locks",
            "on_demand_throughput": [],
            "point_in_time_recovery": [
              {
                "enabled": false,
                "recovery_period_in_days": 0
              }
            ],
            "range_key": null,
            "read_capacity": 0,
            "region": "us-west-2",
            "replica": [],
            "restore_backup_arn": null,
            "restore_date_time": null,
            "restore_source_name": null,
            "restore_source_table_arn": null,
            "restore_to_latest_time": null,
            "server_side_encryption": [],
            "stream_arn": "",
            "stream_enabled": false,
            "stream_label": "",
            "stream_view_type": "",
            "table_class": "STANDARD",
            "tags": {
              "Name": "terraform-locks"
            },
            "tags_all": {
              "Name": "terraform-locks"
            },
            "timeouts": null,
            "ttl": [
              {
                "attribute_name": "",
                "enabled": false
              }
            ],
            "warm_throughput": [],
            "write_capacity": 0
          },
          "sensitive_attributes": [],
          "identity_schema_version": 0,
          "identity": {
            "account_id": "835665967244",
            "name": "terraform-locks",
            "region": "us-west-2"
          },
          "private": "eyJlMmJmYjczMC1lY2FhLTExZTYtOGY4OC0zNDM2M2JjN2M0YzAiOnsiY3JlYXRlIjoxODAwMDAwMDAwMDAwLCJkZWxldGUiOjYwMDAwMDAwMDAwMCwidXBkYXRlIjozNjAwMDAwMDAwMDAwfSwic2NoZW1hX3ZlcnNpb24iOiIxIn0="
        }
      ]
    },
    {
      "module": "module.s3_backend",
      "mode": "managed",
      "type": "aws_s3_bucket",
      "name": "state_bucket",
      "provider": "provider[\"registry.terraform.io/hashicorp/aws\"]",
      "instances": [
        {
          "schema_version": 0,
          "attributes": {
            "acceleration_status": "",
            "acl": null,
            "arn": "arn:aws:s3:::terraform-state-bucket-lesson5-qvnkd",
            "bucket": "terraform-state-bucket-lesson5-qvnkd",
            "bucket_domain_name": "terraform-state-bucket-lesson5-qvnkd.s3.amazonaws.com",
            "bucket_namespace": "global",
            "bucket_prefix": "",
            "bucket_region": "us-west-2",
            "bucket_regional_domain_name": "terraform-state-bucket-lesson5-qvnkd.s3.us-west-2.amazonaws.com",
            "cors_rule": [],
            "force_destroy": false,
            "grant": [
              {
                "id": "1042c6f178e12bd0c857bb590e306a9ff03900cb756d9af54aa44918f0d607a9",
                "permissions": [
                  "FULL_CONTROL"
                ],
                "type": "CanonicalUser",
                "uri": ""
              }
            ],
            "hosted_zone_id": "Z3BJ6K6RIION7M",
            "id": "terraform-state-bucket-lesson5-qvnkd",
            "lifecycle_rule": [],
            "logging": [],
            "object_lock_configuration": [],
            "object_lock_enabled": false,
            "policy": "",
            "region": "us-west-2",
            "replication_configuration": [],
            "request_payer": "BucketOwner",
            "server_side_encryption_configuration": [
              {
                "rule": [
                  {
                    "apply_server_side_encryption_by_default": [
                      {
                        "kms_master_key_id": "",
                        "sse_algorithm": "AES256"
                      }
                    ],
                    "bucket_key_enabled": false
                  }
                ]
              }
            ],
            "tags": {
              "Name": "terraform-state-bucket-lesson5-qvnkd"
            },
            "tags_all": {
              "Name": "terraform-state-bucket-lesson5-qvnkd"
            },
            "timeouts": null,
            "versioning": [
              {
                "enabled": false,
                "mfa_delete": false
              }
            ],
            "website": [],
            "website_domain": null,
            "website_endpoint": null
          },
          "sensitive_attributes": [],
          "identity_schema_version": 0,
          "identity": {
            "account_id": "835665967244",
            "bucket": "terraform-state-bucket-lesson5-qvnkd",
            "region": "us-west-2"
          },
          "private": "eyJlMmJmYjczMC1lY2FhLTExZTYtOGY4OC0zNDM2M2JjN2M0YzAiOnsiY3JlYXRlIjoxMjAwMDAwMDAwMDAwLCJkZWxldGUiOjM2MDAwMDAwMDAwMDAsInJlYWQiOjEyMDAwMDAwMDAwMDAsInVwZGF0ZSI6MTIwMDAwMDAwMDAwMH19"
        }
      ]
    },
    {
      "module": "module.s3_backend",
      "mode": "managed",
      "type": "aws_s3_bucket_server_side_encryption_configuration",
      "name": "sse",
      "provider": "provider[\"registry.terraform.io/hashicorp/aws\"]",
      "instances": [
        {
          "schema_version": 0,
          "attributes": {
            "bucket": "terraform-state-bucket-lesson5-qvnkd",
            "expected_bucket_owner": "",
            "id": "terraform-state-bucket-lesson5-qvnkd",
            "region": "us-west-2",
            "rule": [
              {
                "apply_server_side_encryption_by_default": [
                  {
                    "kms_master_key_id": "",
                    "sse_algorithm": "AES256"
                  }
                ],
                "blocked_encryption_types": [
                  "SSE-C"
                ],
                "bucket_key_enabled": false
              }
            ]
          },
          "sensitive_attributes": [],
          "identity_schema_version": 1,
          "identity": {
            "account_id": "835665967244",
            "bucket": "terraform-state-bucket-lesson5-qvnkd",
            "region": "us-west-2"
          },
          "private": "bnVsbA==",
          "dependencies": [
            "module.s3_backend.aws_s3_bucket.state_bucket"
          ]
        }
      ]
    },
    {
      "module": "module.s3_backend",
      "mode": "managed",
      "type": "aws_s3_bucket_versioning",
      "name": "versioning",
      "provider": "provider[\"registry.terraform.io/hashicorp/aws\"]",
      "instances": [
        {
          "schema_version": 0,
          "attributes": {
            "bucket": "terraform-state-bucket-lesson5-qvnkd",
            "expected_bucket_owner": "",
            "id": "terraform-state-bucket-lesson5-qvnkd",
            "mfa": null,
            "region": "us-west-2",
            "versioning_configuration": [
              {
                "mfa_delete": "Disabled",
                "status": "Enabled"
              }
            ]
          },
          "sensitive_attributes": [],
          "identity_schema_version": 1,
          "identity": {
            "account_id": "835665967244",
            "bucket": "terraform-state-bucket-lesson5-qvnkd",
            "region": "us-west-2"
          },
          "private": "bnVsbA==",
          "dependencies": [
            "module.s3_backend.aws_s3_bucket.state_bucket"
          ]
        }
      ]
    },
    {
      "module": "module.vpc",
      "mode": "managed",
      "type": "aws_eip",
      "name": "nat",
      "provider": "provider[\"registry.terraform.io/hashicorp/aws\"]",
      "instances": [
        {
          "schema_version": 0,
          "attributes": {
            "address": null,
            "allocation_id": "eipalloc-020a0292f146fc81a",
            "arn": "arn:aws:ec2:us-west-2:835665967244:elastic-ip/eipalloc-020a0292f146fc81a",
            "associate_with_private_ip": null,
            "association_id": "",
            "carrier_ip": "",
            "customer_owned_ip": "",
            "customer_owned_ipv4_pool": "",
            "domain": "vpc",
            "id": "eipalloc-020a0292f146fc81a",
            "instance": "",
            "ipam_pool_id": "",
            "network_border_group": "us-west-2",
            "network_interface": "",
            "private_dns": "",
            "private_ip": "",
            "ptr_record": "",
            "public_dns": "ec2-35-81-245-41.us-west-2.compute.amazonaws.com",
            "public_ip": "35.81.245.41",
            "public_ipv4_pool": "amazon",
            "region": "us-west-2",
            "tags": {
              "Name": "lesson-5-vpc-nat-eip"
            },
            "tags_all": {
              "Name": "lesson-5-vpc-nat-eip"
            },
            "timeouts": null
          },
          "sensitive_attributes": [],
          "identity_schema_version": 0,
          "identity": {
            "account_id": "835665967244",
            "id": "eipalloc-020a0292f146fc81a",
            "region": "us-west-2"
          },
          "private": "eyJlMmJmYjczMC1lY2FhLTExZTYtOGY4OC0zNDM2M2JjN2M0YzAiOnsiZGVsZXRlIjoxODAwMDAwMDAwMDAsInJlYWQiOjkwMDAwMDAwMDAwMCwidXBkYXRlIjozMDAwMDAwMDAwMDB9fQ=="
        }
      ]
    },
    {
      "module": "module.vpc",
      "mode": "managed",
      "type": "aws_internet_gateway",
      "name": "igw",
      "provider": "provider[\"registry.terraform.io/hashicorp/aws\"]",
      "instances": [
        {
          "schema_version": 0,
          "attributes": {
            "arn": "arn:aws:ec2:us-west-2:835665967244:internet-gateway/igw-07e3a64babfee8d72",
            "id": "igw-07e3a64babfee8d72",
            "owner_id": "835665967244",
            "region": "us-west-2",
            "tags": {
              "Name": "lesson-5-vpc-igw"
            },
            "tags_all": {
              "Name": "lesson-5-vpc-igw"
            },
            "timeouts": null,
            "vpc_id": "vpc-06181b44f010bb503"
          },
          "sensitive_attributes": [],
          "identity_schema_version": 0,
          "identity": {
            "account_id": "835665967244",
            "id": "igw-07e3a64babfee8d72",
            "region": "us-west-2"
          },
          "private": "eyJlMmJmYjczMC1lY2FhLTExZTYtOGY4OC0zNDM2M2JjN2M0YzAiOnsiY3JlYXRlIjoxMjAwMDAwMDAwMDAwLCJkZWxldGUiOjEyMDAwMDAwMDAwMDAsInVwZGF0ZSI6MTIwMDAwMDAwMDAwMH19",
          "dependencies": [
            "module.vpc.aws_vpc.main"
          ]
        }
      ]
    },
    {
      "module": "module.vpc",
      "mode": "managed",
      "type": "aws_nat_gateway",
      "name": "nat",
      "provider": "provider[\"registry.terraform.io/hashicorp/aws\"]",
      "instances": [
        {
          "schema_version": 0,
          "attributes": {
            "allocation_id": "eipalloc-020a0292f146fc81a",
            "association_id": "eipassoc-0e0921b025f59a431",
            "auto_provision_zones": null,
            "auto_scaling_ips": null,
            "availability_mode": "zonal",
            "availability_zone_address": [],
            "connectivity_type": "public",
            "id": "nat-0dbc5bc0c82767bec",
            "network_interface_id": "eni-0b4eda5ae299d4635",
            "private_ip": "10.0.1.210",
            "public_ip": "35.81.245.41",
            "region": "us-west-2",
            "regional_nat_gateway_address": [],
            "regional_nat_gateway_auto_mode": null,
            "route_table_id": null,
            "secondary_allocation_ids": [],
            "secondary_private_ip_address_count": 0,
            "secondary_private_ip_addresses": [],
            "subnet_id": "subnet-07fe53a1a2a68d093",
            "tags": {
              "Name": "lesson-5-vpc-nat-gw"
            },
            "tags_all": {
              "Name": "lesson-5-vpc-nat-gw"
            },
            "timeouts": null,
            "vpc_id": "vpc-06181b44f010bb503"
          },
          "sensitive_attributes": [],
          "identity_schema_version": 0,
          "identity": {
            "account_id": "835665967244",
            "id": "nat-0dbc5bc0c82767bec",
            "region": "us-west-2"
          },
          "private": "eyJlMmJmYjczMC1lY2FhLTExZTYtOGY4OC0zNDM2M2JjN2M0YzAiOnsiY3JlYXRlIjo2MDAwMDAwMDAwMDAsImRlbGV0ZSI6MTgwMDAwMDAwMDAwMCwidXBkYXRlIjo2MDAwMDAwMDAwMDB9fQ==",
          "dependencies": [
            "module.vpc.aws_eip.nat",
            "module.vpc.aws_internet_gateway.igw",
            "module.vpc.aws_subnet.public",
            "module.vpc.aws_vpc.main"
          ]
        }
      ]
    },
    {
      "module": "module.vpc",
      "mode": "managed",
      "type": "aws_route_table",
      "name": "private",
      "provider": "provider[\"registry.terraform.io/hashicorp/aws\"]",
      "instances": [
        {
          "schema_version": 0,
          "attributes": {
            "arn": "arn:aws:ec2:us-west-2:835665967244:route-table/rtb-02f83fb3f3e6963a5",
            "id": "rtb-02f83fb3f3e6963a5",
            "owner_id": "835665967244",
            "propagating_vgws": [],
            "region": "us-west-2",
            "route": [
              {
                "carrier_gateway_id": "",
                "cidr_block": "0.0.0.0/0",
                "core_network_arn": "",
                "destination_prefix_list_id": "",
                "egress_only_gateway_id": "",
                "gateway_id": "",
                "ipv6_cidr_block": "",
                "local_gateway_id": "",
                "nat_gateway_id": "nat-0dbc5bc0c82767bec",
                "network_interface_id": "",
                "odb_network_arn": "",
                "transit_gateway_id": "",
                "vpc_endpoint_id": "",
                "vpc_peering_connection_id": ""
              }
            ],
            "tags": {
              "Name": "lesson-5-vpc-private-rt"
            },
            "tags_all": {
              "Name": "lesson-5-vpc-private-rt"
            },
            "timeouts": null,
            "vpc_id": "vpc-06181b44f010bb503"
          },
          "sensitive_attributes": [],
          "identity_schema_version": 0,
          "identity": {
            "account_id": "835665967244",
            "id": "rtb-02f83fb3f3e6963a5",
            "region": "us-west-2"
          },
          "private": "eyJlMmJmYjczMC1lY2FhLTExZTYtOGY4OC0zNDM2M2JjN2M0YzAiOnsiY3JlYXRlIjozMDAwMDAwMDAwMDAsImRlbGV0ZSI6MzAwMDAwMDAwMDAwLCJ1cGRhdGUiOjEyMDAwMDAwMDAwMH19",
          "dependencies": [
            "module.vpc.aws_eip.nat",
            "module.vpc.aws_internet_gateway.igw",
            "module.vpc.aws_nat_gateway.nat",
            "module.vpc.aws_subnet.public",
            "module.vpc.aws_vpc.main"
          ]
        }
      ]
    },
    {
      "module": "module.vpc",
      "mode": "managed",
      "type": "aws_route_table",
      "name": "public",
      "provider": "provider[\"registry.terraform.io/hashicorp/aws\"]",
      "instances": [
        {
          "schema_version": 0,
          "attributes": {
            "arn": "arn:aws:ec2:us-west-2:835665967244:route-table/rtb-055654ca7ee845b41",
            "id": "rtb-055654ca7ee845b41",
            "owner_id": "835665967244",
            "propagating_vgws": [],
            "region": "us-west-2",
            "route": [
              {
                "carrier_gateway_id": "",
                "cidr_block": "0.0.0.0/0",
                "core_network_arn": "",
                "destination_prefix_list_id": "",
                "egress_only_gateway_id": "",
                "gateway_id": "igw-07e3a64babfee8d72",
                "ipv6_cidr_block": "",
                "local_gateway_id": "",
                "nat_gateway_id": "",
                "network_interface_id": "",
                "odb_network_arn": "",
                "transit_gateway_id": "",
                "vpc_endpoint_id": "",
                "vpc_peering_connection_id": ""
              }
            ],
            "tags": {
              "Name": "lesson-5-vpc-public-rt"
            },
            "tags_all": {
              "Name": "lesson-5-vpc-public-rt"
            },
            "timeouts": null,
            "vpc_id": "vpc-06181b44f010bb503"
          },
          "sensitive_attributes": [],
          "identity_schema_version": 0,
          "identity": {
            "account_id": "835665967244",
            "id": "rtb-055654ca7ee845b41",
            "region": "us-west-2"
          },
          "private": "eyJlMmJmYjczMC1lY2FhLTExZTYtOGY4OC0zNDM2M2JjN2M0YzAiOnsiY3JlYXRlIjozMDAwMDAwMDAwMDAsImRlbGV0ZSI6MzAwMDAwMDAwMDAwLCJ1cGRhdGUiOjEyMDAwMDAwMDAwMH19",
          "dependencies": [
            "module.vpc.aws_internet_gateway.igw",
            "module.vpc.aws_vpc.main"
          ]
        }
      ]
    },
    {
      "module": "module.vpc",
      "mode": "managed",
      "type": "aws_route_table_association",
      "name": "private",
      "provider": "provider[\"registry.terraform.io/hashicorp/aws\"]",
      "instances": [
        {
          "index_key": 0,
          "schema_version": 0,
          "attributes": {
            "gateway_id": "",
            "id": "rtbassoc-02389e73511516bde",
            "region": "us-west-2",
            "route_table_id": "rtb-02f83fb3f3e6963a5",
            "subnet_id": "subnet-0c94010019437a4c6",
            "timeouts": null
          },
          "sensitive_attributes": [],
          "identity_schema_version": 0,
          "identity": {
            "account_id": "835665967244",
            "id": "rtbassoc-02389e73511516bde",
            "region": "us-west-2"
          },
          "private": "eyJlMmJmYjczMC1lY2FhLTExZTYtOGY4OC0zNDM2M2JjN2M0YzAiOnsiY3JlYXRlIjozMDAwMDAwMDAwMDAsImRlbGV0ZSI6MzAwMDAwMDAwMDAwLCJ1cGRhdGUiOjEyMDAwMDAwMDAwMH19",
          "dependencies": [
            "module.vpc.aws_eip.nat",
            "module.vpc.aws_internet_gateway.igw",
            "module.vpc.aws_nat_gateway.nat",
            "module.vpc.aws_route_table.private",
            "module.vpc.aws_subnet.private",
            "module.vpc.aws_subnet.public",
            "module.vpc.aws_vpc.main"
          ]
        },
        {
          "index_key": 1,
          "schema_version": 0,
          "attributes": {
            "gateway_id": "",
            "id": "rtbassoc-0dae17e4ed1fcd61b",
            "region": "us-west-2",
            "route_table_id": "rtb-02f83fb3f3e6963a5",
            "subnet_id": "subnet-08d99c5fb3f03e53c",
            "timeouts": null
          },
          "sensitive_attributes": [],
          "identity_schema_version": 0,
          "identity": {
            "account_id": "835665967244",
            "id": "rtbassoc-0dae17e4ed1fcd61b",
            "region": "us-west-2"
          },
          "private": "eyJlMmJmYjczMC1lY2FhLTExZTYtOGY4OC0zNDM2M2JjN2M0YzAiOnsiY3JlYXRlIjozMDAwMDAwMDAwMDAsImRlbGV0ZSI6MzAwMDAwMDAwMDAwLCJ1cGRhdGUiOjEyMDAwMDAwMDAwMH19",
          "dependencies": [
            "module.vpc.aws_eip.nat",
            "module.vpc.aws_internet_gateway.igw",
            "module.vpc.aws_nat_gateway.nat",
            "module.vpc.aws_route_table.private",
            "module.vpc.aws_subnet.private",
            "module.vpc.aws_subnet.public",
            "module.vpc.aws_vpc.main"
          ]
        },
        {
          "index_key": 2,
          "schema_version": 0,
          "attributes": {
            "gateway_id": "",
            "id": "rtbassoc-06546786d8f169ed3",
            "region": "us-west-2",
            "route_table_id": "rtb-02f83fb3f3e6963a5",
            "subnet_id": "subnet-00d5f009c3cf40013",
            "timeouts": null
          },
          "sensitive_attributes": [],
          "identity_schema_version": 0,
          "identity": {
            "account_id": "835665967244",
            "id": "rtbassoc-06546786d8f169ed3",
            "region": "us-west-2"
          },
          "private": "eyJlMmJmYjczMC1lY2FhLTExZTYtOGY4OC0zNDM2M2JjN2M0YzAiOnsiY3JlYXRlIjozMDAwMDAwMDAwMDAsImRlbGV0ZSI6MzAwMDAwMDAwMDAwLCJ1cGRhdGUiOjEyMDAwMDAwMDAwMH19",
          "dependencies": [
            "module.vpc.aws_eip.nat",
            "module.vpc.aws_internet_gateway.igw",
            "module.vpc.aws_nat_gateway.nat",
            "module.vpc.aws_route_table.private",
            "module.vpc.aws_subnet.private",
            "module.vpc.aws_subnet.public",
            "module.vpc.aws_vpc.main"
          ]
        }
      ]
    },
    {
      "module": "module.vpc",
      "mode": "managed",
      "type": "aws_route_table_association",
      "name": "public",
      "provider": "provider[\"registry.terraform.io/hashicorp/aws\"]",
      "instances": [
        {
          "index_key": 0,
          "schema_version": 0,
          "attributes": {
            "gateway_id": "",
            "id": "rtbassoc-084b9851009462362",
            "region": "us-west-2",
            "route_table_id": "rtb-055654ca7ee845b41",
            "subnet_id": "subnet-07fe53a1a2a68d093",
            "timeouts": null
          },
          "sensitive_attributes": [],
          "identity_schema_version": 0,
          "identity": {
            "account_id": "835665967244",
            "id": "rtbassoc-084b9851009462362",
            "region": "us-west-2"
          },
          "private": "eyJlMmJmYjczMC1lY2FhLTExZTYtOGY4OC0zNDM2M2JjN2M0YzAiOnsiY3JlYXRlIjozMDAwMDAwMDAwMDAsImRlbGV0ZSI6MzAwMDAwMDAwMDAwLCJ1cGRhdGUiOjEyMDAwMDAwMDAwMH19",
          "dependencies": [
            "module.vpc.aws_internet_gateway.igw",
            "module.vpc.aws_route_table.public",
            "module.vpc.aws_subnet.public",
            "module.vpc.aws_vpc.main"
          ]
        },
        {
          "index_key": 1,
          "schema_version": 0,
          "attributes": {
            "gateway_id": "",
            "id": "rtbassoc-0439ed1d7d7fbd7fb",
            "region": "us-west-2",
            "route_table_id": "rtb-055654ca7ee845b41",
            "subnet_id": "subnet-0bf1d2538a193e2a7",
            "timeouts": null
          },
          "sensitive_attributes": [],
          "identity_schema_version": 0,
          "identity": {
            "account_id": "835665967244",
            "id": "rtbassoc-0439ed1d7d7fbd7fb",
            "region": "us-west-2"
          },
          "private": "eyJlMmJmYjczMC1lY2FhLTExZTYtOGY4OC0zNDM2M2JjN2M0YzAiOnsiY3JlYXRlIjozMDAwMDAwMDAwMDAsImRlbGV0ZSI6MzAwMDAwMDAwMDAwLCJ1cGRhdGUiOjEyMDAwMDAwMDAwMH19",
          "dependencies": [
            "module.vpc.aws_internet_gateway.igw",
            "module.vpc.aws_route_table.public",
            "module.vpc.aws_subnet.public",
            "module.vpc.aws_vpc.main"
          ]
        },
        {
          "index_key": 2,
          "schema_version": 0,
          "attributes": {
            "gateway_id": "",
            "id": "rtbassoc-0b9cc3bdcbf93587e",
            "region": "us-west-2",
            "route_table_id": "rtb-055654ca7ee845b41",
            "subnet_id": "subnet-035f7d529890c1e05",
            "timeouts": null
          },
          "sensitive_attributes": [],
          "identity_schema_version": 0,
          "identity": {
            "account_id": "835665967244",
            "id": "rtbassoc-0b9cc3bdcbf93587e",
            "region": "us-west-2"
          },
          "private": "eyJlMmJmYjczMC1lY2FhLTExZTYtOGY4OC0zNDM2M2JjN2M0YzAiOnsiY3JlYXRlIjozMDAwMDAwMDAwMDAsImRlbGV0ZSI6MzAwMDAwMDAwMDAwLCJ1cGRhdGUiOjEyMDAwMDAwMDAwMH19",
          "dependencies": [
            "module.vpc.aws_internet_gateway.igw",
            "module.vpc.aws_route_table.public",
            "module.vpc.aws_subnet.public",
            "module.vpc.aws_vpc.main"
          ]
        }
      ]
    },
    {
      "module": "module.vpc",
      "mode": "managed",
      "type": "aws_subnet",
      "name": "private",
      "provider": "provider[\"registry.terraform.io/hashicorp/aws\"]",
      "instances": [
        {
          "index_key": 0,
          "schema_version": 1,
          "attributes": {
            "arn": "arn:aws:ec2:us-west-2:835665967244:subnet/subnet-0c94010019437a4c6",
            "assign_ipv6_address_on_creation": false,
            "availability_zone": "us-west-2a",
            "availability_zone_id": "usw2-az2",
            "cidr_block": "10.0.4.0/24",
            "customer_owned_ipv4_pool": "",
            "enable_dns64": false,
            "enable_lni_at_device_index": 0,
            "enable_resource_name_dns_a_record_on_launch": false,
            "enable_resource_name_dns_aaaa_record_on_launch": false,
            "id": "subnet-0c94010019437a4c6",
            "ipv4_ipam_pool_id": null,
            "ipv4_netmask_length": null,
            "ipv6_cidr_block": "",
            "ipv6_cidr_block_association_id": "",
            "ipv6_ipam_pool_id": null,
            "ipv6_native": false,
            "ipv6_netmask_length": null,
            "map_customer_owned_ip_on_launch": false,
            "map_public_ip_on_launch": false,
            "outpost_arn": "",
            "owner_id": "835665967244",
            "private_dns_hostname_type_on_launch": "ip-name",
            "region": "us-west-2",
            "tags": {
              "Name": "lesson-5-vpc-private-us-west-2a"
            },
            "tags_all": {
              "Name": "lesson-5-vpc-private-us-west-2a"
            },
            "timeouts": null,
            "vpc_id": "vpc-06181b44f010bb503"
          },
          "sensitive_attributes": [],
          "identity_schema_version": 0,
          "identity": {
            "account_id": "835665967244",
            "id": "subnet-0c94010019437a4c6",
            "region": "us-west-2"
          },
          "private": "eyJlMmJmYjczMC1lY2FhLTExZTYtOGY4OC0zNDM2M2JjN2M0YzAiOnsiY3JlYXRlIjo2MDAwMDAwMDAwMDAsImRlbGV0ZSI6MTIwMDAwMDAwMDAwMH0sInNjaGVtYV92ZXJzaW9uIjoiMSJ9",
          "dependencies": [
            "module.vpc.aws_vpc.main"
          ]
        },
        {
          "index_key": 1,
          "schema_version": 1,
          "attributes": {
            "arn": "arn:aws:ec2:us-west-2:835665967244:subnet/subnet-08d99c5fb3f03e53c",
            "assign_ipv6_address_on_creation": false,
            "availability_zone": "us-west-2b",
            "availability_zone_id": "usw2-az1",
            "cidr_block": "10.0.5.0/24",
            "customer_owned_ipv4_pool": "",
            "enable_dns64": false,
            "enable_lni_at_device_index": 0,
            "enable_resource_name_dns_a_record_on_launch": false,
            "enable_resource_name_dns_aaaa_record_on_launch": false,
            "id": "subnet-08d99c5fb3f03e53c",
            "ipv4_ipam_pool_id": null,
            "ipv4_netmask_length": null,
            "ipv6_cidr_block": "",
            "ipv6_cidr_block_association_id": "",
            "ipv6_ipam_pool_id": null,
            "ipv6_native": false,
            "ipv6_netmask_length": null,
            "map_customer_owned_ip_on_launch": false,
            "map_public_ip_on_launch": false,
            "outpost_arn": "",
            "owner_id": "835665967244",
            "private_dns_hostname_type_on_launch": "ip-name",
            "region": "us-west-2",
            "tags": {
              "Name": "lesson-5-vpc-private-us-west-2b"
            },
            "tags_all": {
              "Name": "lesson-5-vpc-private-us-west-2b"
            },
            "timeouts": null,
            "vpc_id": "vpc-06181b44f010bb503"
          },
          "sensitive_attributes": [],
          "identity_schema_version": 0,
          "identity": {
            "account_id": "835665967244",
            "id": "subnet-08d99c5fb3f03e53c",
            "region": "us-west-2"
          },
          "private": "eyJlMmJmYjczMC1lY2FhLTExZTYtOGY4OC0zNDM2M2JjN2M0YzAiOnsiY3JlYXRlIjo2MDAwMDAwMDAwMDAsImRlbGV0ZSI6MTIwMDAwMDAwMDAwMH0sInNjaGVtYV92ZXJzaW9uIjoiMSJ9",
          "dependencies": [
            "module.vpc.aws_vpc.main"
          ]
        },
        {
          "index_key": 2,
          "schema_version": 1,
          "attributes": {
            "arn": "arn:aws:ec2:us-west-2:835665967244:subnet/subnet-00d5f009c3cf40013",
            "assign_ipv6_address_on_creation": false,
            "availability_zone": "us-west-2c",
            "availability_zone_id": "usw2-az3",
            "cidr_block": "10.0.6.0/24",
            "customer_owned_ipv4_pool": "",
            "enable_dns64": false,
            "enable_lni_at_device_index": 0,
            "enable_resource_name_dns_a_record_on_launch": false,
            "enable_resource_name_dns_aaaa_record_on_launch": false,
            "id": "subnet-00d5f009c3cf40013",
            "ipv4_ipam_pool_id": null,
            "ipv4_netmask_length": null,
            "ipv6_cidr_block": "",
            "ipv6_cidr_block_association_id": "",
            "ipv6_ipam_pool_id": null,
            "ipv6_native": false,
            "ipv6_netmask_length": null,
            "map_customer_owned_ip_on_launch": false,
            "map_public_ip_on_launch": false,
            "outpost_arn": "",
            "owner_id": "835665967244",
            "private_dns_hostname_type_on_launch": "ip-name",
            "region": "us-west-2",
            "tags": {
              "Name": "lesson-5-vpc-private-us-west-2c"
            },
            "tags_all": {
              "Name": "lesson-5-vpc-private-us-west-2c"
            },
            "timeouts": null,
            "vpc_id": "vpc-06181b44f010bb503"
          },
          "sensitive_attributes": [],
          "identity_schema_version": 0,
          "identity": {
            "account_id": "835665967244",
            "id": "subnet-00d5f009c3cf40013",
            "region": "us-west-2"
          },
          "private": "eyJlMmJmYjczMC1lY2FhLTExZTYtOGY4OC0zNDM2M2JjN2M0YzAiOnsiY3JlYXRlIjo2MDAwMDAwMDAwMDAsImRlbGV0ZSI6MTIwMDAwMDAwMDAwMH0sInNjaGVtYV92ZXJzaW9uIjoiMSJ9",
          "dependencies": [
            "module.vpc.aws_vpc.main"
          ]
        }
      ]
    },
    {
      "module": "module.vpc",
      "mode": "managed",
      "type": "aws_subnet",
      "name": "public",
      "provider": "provider[\"registry.terraform.io/hashicorp/aws\"]",
      "instances": [
        {
          "index_key": 0,
          "schema_version": 1,
          "attributes": {
            "arn": "arn:aws:ec2:us-west-2:835665967244:subnet/subnet-07fe53a1a2a68d093",
            "assign_ipv6_address_on_creation": false,
            "availability_zone": "us-west-2a",
            "availability_zone_id": "usw2-az2",
            "cidr_block": "10.0.1.0/24",
            "customer_owned_ipv4_pool": "",
            "enable_dns64": false,
            "enable_lni_at_device_index": 0,
            "enable_resource_name_dns_a_record_on_launch": false,
            "enable_resource_name_dns_aaaa_record_on_launch": false,
            "id": "subnet-07fe53a1a2a68d093",
            "ipv4_ipam_pool_id": null,
            "ipv4_netmask_length": null,
            "ipv6_cidr_block": "",
            "ipv6_cidr_block_association_id": "",
            "ipv6_ipam_pool_id": null,
            "ipv6_native": false,
            "ipv6_netmask_length": null,
            "map_customer_owned_ip_on_launch": false,
            "map_public_ip_on_launch": true,
            "outpost_arn": "",
            "owner_id": "835665967244",
            "private_dns_hostname_type_on_launch": "ip-name",
            "region": "us-west-2",
            "tags": {
              "Name": "lesson-5-vpc-public-us-west-2a"
            },
            "tags_all": {
              "Name": "lesson-5-vpc-public-us-west-2a"
            },
            "timeouts": null,
            "vpc_id": "vpc-06181b44f010bb503"
          },
          "sensitive_attributes": [],
          "identity_schema_version": 0,
          "identity": {
            "account_id": "835665967244",
            "id": "subnet-07fe53a1a2a68d093",
            "region": "us-west-2"
          },
          "private": "eyJlMmJmYjczMC1lY2FhLTExZTYtOGY4OC0zNDM2M2JjN2M0YzAiOnsiY3JlYXRlIjo2MDAwMDAwMDAwMDAsImRlbGV0ZSI6MTIwMDAwMDAwMDAwMH0sInNjaGVtYV92ZXJzaW9uIjoiMSJ9",
          "dependencies": [
            "module.vpc.aws_vpc.main"
          ]
        },
        {
          "index_key": 1,
          "schema_version": 1,
          "attributes": {
            "arn": "arn:aws:ec2:us-west-2:835665967244:subnet/subnet-0bf1d2538a193e2a7",
            "assign_ipv6_address_on_creation": false,
            "availability_zone": "us-west-2b",
            "availability_zone_id": "usw2-az1",
            "cidr_block": "10.0.2.0/24",
            "customer_owned_ipv4_pool": "",
            "enable_dns64": false,
            "enable_lni_at_device_index": 0,
            "enable_resource_name_dns_a_record_on_launch": false,
            "enable_resource_name_dns_aaaa_record_on_launch": false,
            "id": "subnet-0bf1d2538a193e2a7",
            "ipv4_ipam_pool_id": null,
            "ipv4_netmask_length": null,
            "ipv6_cidr_block": "",
            "ipv6_cidr_block_association_id": "",
            "ipv6_ipam_pool_id": null,
            "ipv6_native": false,
            "ipv6_netmask_length": null,
            "map_customer_owned_ip_on_launch": false,
            "map_public_ip_on_launch": true,
            "outpost_arn": "",
            "owner_id": "835665967244",
            "private_dns_hostname_type_on_launch": "ip-name",
            "region": "us-west-2",
            "tags": {
              "Name": "lesson-5-vpc-public-us-west-2b"
            },
            "tags_all": {
              "Name": "lesson-5-vpc-public-us-west-2b"
            },
            "timeouts": null,
            "vpc_id": "vpc-06181b44f010bb503"
          },
          "sensitive_attributes": [],
          "identity_schema_version": 0,
          "identity": {
            "account_id": "835665967244",
            "id": "subnet-0bf1d2538a193e2a7",
            "region": "us-west-2"
          },
          "private": "eyJlMmJmYjczMC1lY2FhLTExZTYtOGY4OC0zNDM2M2JjN2M0YzAiOnsiY3JlYXRlIjo2MDAwMDAwMDAwMDAsImRlbGV0ZSI6MTIwMDAwMDAwMDAwMH0sInNjaGVtYV92ZXJzaW9uIjoiMSJ9",
          "dependencies": [
            "module.vpc.aws_vpc.main"
          ]
        },
        {
          "index_key": 2,
          "schema_version": 1,
          "attributes": {
            "arn": "arn:aws:ec2:us-west-2:835665967244:subnet/subnet-035f7d529890c1e05",
            "assign_ipv6_address_on_creation": false,
            "availability_zone": "us-west-2c",
            "availability_zone_id": "usw2-az3",
            "cidr_block": "10.0.3.0/24",
            "customer_owned_ipv4_pool": "",
            "enable_dns64": false,
            "enable_lni_at_device_index": 0,
            "enable_resource_name_dns_a_record_on_launch": false,
            "enable_resource_name_dns_aaaa_record_on_launch": false,
            "id": "subnet-035f7d529890c1e05",
            "ipv4_ipam_pool_id": null,
            "ipv4_netmask_length": null,
            "ipv6_cidr_block": "",
            "ipv6_cidr_block_association_id": "",
            "ipv6_ipam_pool_id": null,
            "ipv6_native": false,
            "ipv6_netmask_length": null,
            "map_customer_owned_ip_on_launch": false,
            "map_public_ip_on_launch": true,
            "outpost_arn": "",
            "owner_id": "835665967244",
            "private_dns_hostname_type_on_launch": "ip-name",
            "region": "us-west-2",
            "tags": {
              "Name": "lesson-5-vpc-public-us-west-2c"
            },
            "tags_all": {
              "Name": "lesson-5-vpc-public-us-west-2c"
            },
            "timeouts": null,
            "vpc_id": "vpc-06181b44f010bb503"
          },
          "sensitive_attributes": [],
          "identity_schema_version": 0,
          "identity": {
            "account_id": "835665967244",
            "id": "subnet-035f7d529890c1e05",
            "region": "us-west-2"
          },
          "private": "eyJlMmJmYjczMC1lY2FhLTExZTYtOGY4OC0zNDM2M2JjN2M0YzAiOnsiY3JlYXRlIjo2MDAwMDAwMDAwMDAsImRlbGV0ZSI6MTIwMDAwMDAwMDAwMH0sInNjaGVtYV92ZXJzaW9uIjoiMSJ9",
          "dependencies": [
            "module.vpc.aws_vpc.main"
          ]
        }
      ]
    },
    {
      "module": "module.vpc",
      "mode": "managed",
      "type": "aws_vpc",
      "name": "main",
      "provider": "provider[\"registry.terraform.io/hashicorp/aws\"]",
      "instances": [
        {
          "schema_version": 1,
          "attributes": {
            "arn": "arn:aws:ec2:us-west-2:835665967244:vpc/vpc-06181b44f010bb503",
            "assign_generated_ipv6_cidr_block": false,
            "cidr_block": "10.0.0.0/16",
            "default_network_acl_id": "acl-0918ca394efa79fee",
            "default_route_table_id": "rtb-0259c08e47b91a2a5",
            "default_security_group_id": "sg-0438c685b6db16993",
            "dhcp_options_id": "dopt-02aa468b0cd74bf29",
            "enable_dns_hostnames": true,
            "enable_dns_support": true,
            "enable_network_address_usage_metrics": false,
            "id": "vpc-06181b44f010bb503",
            "instance_tenancy": "default",
            "ipv4_ipam_pool_id": null,
            "ipv4_netmask_length": null,
            "ipv6_association_id": "",
            "ipv6_cidr_block": "",
            "ipv6_cidr_block_network_border_group": "",
            "ipv6_ipam_pool_id": "",
            "ipv6_netmask_length": 0,
            "main_route_table_id": "rtb-0259c08e47b91a2a5",
            "owner_id": "835665967244",
            "region": "us-west-2",
            "tags": {
              "Name": "lesson-5-vpc"
            },
            "tags_all": {
              "Name": "lesson-5-vpc"
            }
          },
          "sensitive_attributes": [],
          "identity_schema_version": 0,
          "identity": {
            "account_id": "835665967244",
            "id": "vpc-06181b44f010bb503",
            "region": "us-west-2"
          },
          "private": "eyJzY2hlbWFfdmVyc2lvbiI6IjEifQ=="
        }
      ]
    }
  ],
  "check_results": null
}
